
Microsoft Visual Studio Solution File, Format Version 12.00
# Visual Studio 15
VisualStudioVersion = 15.0.27428.2015
MinimumVisualStudioVersion = 10.0.40219.1
Project("{9A19103F-16F7-4668-BE54-9A1E7A4F7556}") = "Playground", "Playground\Playground.csproj", "{EC242DB0-C247-4E91-9977-2E69E87CA8DE}"
EndProject
Project("{9A19103F-16F7-4668-BE54-9A1E7A4F7556}") = "Singleton", "Singleton\Singleton.csproj", "{E92D5E34-8397-4D6A-B445-22962801360C}"
EndProject
Project("{9A19103F-16F7-4668-BE54-9A1E7A4F7556}") = "PlaygroundUnitTests", "PlaygroundUnitTests\PlaygroundUnitTests.csproj", "{C7EF7D05-0E00-4361-9EC4-EF2B5A5944DA}"
EndProject
Project("{9A19103F-16F7-4668-BE54-9A1E7A4F7556}") = "Linq", "Linq\Linq.csproj", "{DB439B5F-4AE1-403B-90F5-5AD60D2DA688}"
EndProject
Project("{FAE04EC0-301F-11D3-BF4B-00C04F79EFBC}") = "DelegatesAndEvents", "DelegatesAndEvents\DelegatesAndEvents.csproj", "{3BE55953-B36C-41AD-BE2C-8523D856C9D7}"
EndProject
Global
	GlobalSection(SolutionConfigurationPlatforms) = preSolution
		Debug|Any CPU = Debug|Any CPU
		Release|Any CPU = Release|Any CPU
	EndGlobalSection
	GlobalSection(ProjectConfigurationPlatforms) = postSolution
		{EC242DB0-C247-4E91-9977-2E69E87CA8DE}.Debug|Any CPU.ActiveCfg = Debug|Any CPU
		{EC242DB0-C247-4E91-9977-2E69E87CA8DE}.Debug|Any CPU.Build.0 = Debug|Any CPU
		{EC242DB0-C247-4E91-9977-2E69E87CA8DE}.Release|Any CPU.ActiveCfg = Release|Any CPU
		{EC242DB0-C247-4E91-9977-2E69E87CA8DE}.Release|Any CPU.Build.0 = Release|Any CPU
		{E92D5E34-8397-4D6A-B445-22962801360C}.Debug|Any CPU.ActiveCfg = Debug|Any CPU
		{E92D5E34-8397-4D6A-B445-22962801360C}.Debug|Any CPU.Build.0 = Debug|Any CPU
		{E92D5E34-8397-4D6A-B445-22962801360C}.Release|Any CPU.ActiveCfg = Release|Any CPU
		{E92D5E34-8397-4D6A-B445-22962801360C}.Release|Any CPU.Build.0 = Release|Any CPU
		{C7EF7D05-0E00-4361-9EC4-EF2B5A5944DA}.Debug|Any CPU.ActiveCfg = Debug|Any CPU
		{C7EF7D05-0E00-4361-9EC4-EF2B5A5944DA}.Debug|Any CPU.Build.0 = Debug|Any CPU
		{C7EF7D05-0E00-4361-9EC4-EF2B5A5944DA}.Release|Any CPU.ActiveCfg = Release|Any CPU
		{C7EF7D05-0E00-4361-9EC4-EF2B5A5944DA}.Release|Any CPU.Build.0 = Release|Any CPU
		{DB439B5F-4AE1-403B-90F5-5AD60D2DA688}.Debug|Any CPU.ActiveCfg = Debug|Any CPU
		{DB439B5F-4AE1-403B-90F5-5AD60D2DA688}.Debug|Any CPU.Build.0 = Debug|Any CPU
		{DB439B5F-4AE1-403B-90F5-5AD60D2DA688}.Release|Any CPU.ActiveCfg = Release|Any CPU
		{DB439B5F-4AE1-403B-90F5-5AD60D2DA688}.Release|Any CPU.Build.0 = Release|Any CPU
		{3BE55953-B36C-41AD-BE2C-8523D856C9D7}.Debug|Any CPU.ActiveCfg = Debug|Any CPU
		{3BE55953-B36C-41AD-BE2C-8523D856C9D7}.Debug|Any CPU.Build.0 = Debug|Any CPU
		{3BE55953-B36C-41AD-BE2C-8523D856C9D7}.Release|Any CPU.ActiveCfg = Release|Any CPU
		{3BE55953-B36C-41AD-BE2C-8523D856C9D7}.Release|Any CPU.Build.0 = Release|Any CPU
	EndGlobalSection
	GlobalSection(SolutionProperties) = preSolution
		HideSolutionNode = FALSE
	EndGlobalSection
	GlobalSection(ExtensibilityGlobals) = postSolution
		SolutionGuid = {ADEEC04D-EFA9-4A3F-B5FB-DBD3286ABDC8}
	EndGlobalSection
EndGlobal
